
Microsoft Visual Studio Solution File, Format Version 12.00
# Visual Studio Version 16
VisualStudioVersion = 16.0.30503.244
MinimumVisualStudioVersion = 10.0.40219.1
Project("{FAE04EC0-301F-11D3-BF4B-00C04F79EFBC}") = "DelegatedGroupCreation", "DelegatedGroupCreation\DelegatedGroupCreation.csproj", "{19AFB0DB-0010-497E-9D53-9FC1B0759F72}"
EndProject
Global
	GlobalSection(SolutionConfigurationPlatforms) = preSolution
		Debug|Any CPU = Debug|Any CPU
		Release|Any CPU = Release|Any CPU
	EndGlobalSection
	GlobalSection(ProjectConfigurationPlatforms) = postSolution
		{19AFB0DB-0010-497E-9D53-9FC1B0759F72}.Debug|Any CPU.ActiveCfg = Debug|Any CPU
		{19AFB0DB-0010-497E-9D53-9FC1B0759F72}.Debug|Any CPU.Build.0 = Debug|Any CPU
		{19AFB0DB-0010-497E-9D53-9FC1B0759F72}.Release|Any CPU.ActiveCfg = Release|Any CPU
		{19AFB0DB-0010-497E-9D53-9FC1B0759F72}.Release|Any CPU.Build.0 = Release|Any CPU
	EndGlobalSection
	GlobalSection(SolutionProperties) = preSolution
		HideSolutionNode = FALSE
	EndGlobalSection
	GlobalSection(ExtensibilityGlobals) = postSolution
		SolutionGuid = {C635DB8C-ECF8-4E83-B5B8-5D6B3A3E4A51}
	EndGlobalSection
EndGlobal
